// !$*UTF8*$!
{
	archiveVersion = 1;
	classes = {
	};
	objectVersion = 56;
	objects = {

/* Begin PBXBuildFile section */
		FA36C5B129B8518000064503 /* TableViewCell.swift in Sources */ = {isa = PBXBuildFile; fileRef = FA36C5B029B8518000064503 /* TableViewCell.swift */; };
		FA36C5B329B887E600064503 /* Entity.swift in Sources */ = {isa = PBXBuildFile; fileRef = FA36C5B229B887E600064503 /* Entity.swift */; };
		FA36C5B529B88BB500064503 /* Presenter.swift in Sources */ = {isa = PBXBuildFile; fileRef = FA36C5B429B88BB500064503 /* Presenter.swift */; };
		FA36C5B829B88E2C00064503 /* NetworkDataManager.swift in Sources */ = {isa = PBXBuildFile; fileRef = FA36C5B729B88E2C00064503 /* NetworkDataManager.swift */; };
		FA36C5BB29B88E8200064503 /* Alamofire in Frameworks */ = {isa = PBXBuildFile; productRef = FA36C5BA29B88E8200064503 /* Alamofire */; };
		FA36C5BF29B890DD00064503 /* ExtViewController.swift in Sources */ = {isa = PBXBuildFile; fileRef = FA36C5BE29B890DD00064503 /* ExtViewController.swift */; };
		FA36C5C129B8958200064503 /* Interactor.swift in Sources */ = {isa = PBXBuildFile; fileRef = FA36C5C029B8958200064503 /* Interactor.swift */; };
		FA36C5C329B8981000064503 /* Configurator.swift in Sources */ = {isa = PBXBuildFile; fileRef = FA36C5C229B8981000064503 /* Configurator.swift */; };
		FA36C5C529B8A06300064503 /* FuncForAPI.swift in Sources */ = {isa = PBXBuildFile; fileRef = FA36C5C429B8A06300064503 /* FuncForAPI.swift */; };
		FA7F014A29B84BD400014292 /* AppDelegate.swift in Sources */ = {isa = PBXBuildFile; fileRef = FA7F014929B84BD400014292 /* AppDelegate.swift */; };
		FA7F014C29B84BD400014292 /* SceneDelegate.swift in Sources */ = {isa = PBXBuildFile; fileRef = FA7F014B29B84BD400014292 /* SceneDelegate.swift */; };
		FA7F014E29B84BD400014292 /* ViewController.swift in Sources */ = {isa = PBXBuildFile; fileRef = FA7F014D29B84BD400014292 /* ViewController.swift */; };
		FA7F015429B84BD400014292 /* APIproject.xcdatamodeld in Sources */ = {isa = PBXBuildFile; fileRef = FA7F015229B84BD400014292 /* APIproject.xcdatamodeld */; };
		FA7F015629B84BD500014292 /* Assets.xcassets in Resources */ = {isa = PBXBuildFile; fileRef = FA7F015529B84BD500014292 /* Assets.xcassets */; };
		FA7F015929B84BD500014292 /* LaunchScreen.storyboard in Resources */ = {isa = PBXBuildFile; fileRef = FA7F015729B84BD500014292 /* LaunchScreen.storyboard */; };
		FA7F016229B84C1800014292 /* SnapKit in Frameworks */ = {isa = PBXBuildFile; productRef = FA7F016129B84C1800014292 /* SnapKit */; };
/* End PBXBuildFile section */

/* Begin PBXFileReference section */
		FA36C5B029B8518000064503 /* TableViewCell.swift */ = {isa = PBXFileReference; lastKnownFileType = sourcecode.swift; path = TableViewCell.swift; sourceTree = "<group>"; };
		FA36C5B229B887E600064503 /* Entity.swift */ = {isa = PBXFileReference; lastKnownFileType = sourcecode.swift; path = Entity.swift; sourceTree = "<group>"; };
		FA36C5B429B88BB500064503 /* Presenter.swift */ = {isa = PBXFileReference; lastKnownFileType = sourcecode.swift; path = Presenter.swift; sourceTree = "<group>"; };
		FA36C5B729B88E2C00064503 /* NetworkDataManager.swift */ = {isa = PBXFileReference; lastKnownFileType = sourcecode.swift; path = NetworkDataManager.swift; sourceTree = "<group>"; };
		FA36C5BE29B890DD00064503 /* ExtViewController.swift */ = {isa = PBXFileReference; lastKnownFileType = sourcecode.swift; path = ExtViewController.swift; sourceTree = "<group>"; };
		FA36C5C029B8958200064503 /* Interactor.swift */ = {isa = PBXFileReference; lastKnownFileType = sourcecode.swift; path = Interactor.swift; sourceTree = "<group>"; };
		FA36C5C229B8981000064503 /* Configurator.swift */ = {isa = PBXFileReference; lastKnownFileType = sourcecode.swift; path = Configurator.swift; sourceTree = "<group>"; };
		FA36C5C429B8A06300064503 /* FuncForAPI.swift */ = {isa = PBXFileReference; lastKnownFileType = sourcecode.swift; path = FuncForAPI.swift; sourceTree = "<group>"; };
		FA7F014629B84BD400014292 /* APIproject.app */ = {isa = PBXFileReference; explicitFileType = wrapper.application; includeInIndex = 0; path = APIproject.app; sourceTree = BUILT_PRODUCTS_DIR; };
		FA7F014929B84BD400014292 /* AppDelegate.swift */ = {isa = PBXFileReference; lastKnownFileType = sourcecode.swift; path = AppDelegate.swift; sourceTree = "<group>"; };
		FA7F014B29B84BD400014292 /* SceneDelegate.swift */ = {isa = PBXFileReference; lastKnownFileType = sourcecode.swift; path = SceneDelegate.swift; sourceTree = "<group>"; };
		FA7F014D29B84BD400014292 /* ViewController.swift */ = {isa = PBXFileReference; lastKnownFileType = sourcecode.swift; path = ViewController.swift; sourceTree = "<group>"; };
		FA7F015329B84BD400014292 /* APIproject.xcdatamodel */ = {isa = PBXFileReference; lastKnownFileType = wrapper.xcdatamodel; path = APIproject.xcdatamodel; sourceTree = "<group>"; };
		FA7F015529B84BD500014292 /* Assets.xcassets */ = {isa = PBXFileReference; lastKnownFileType = folder.assetcatalog; path = Assets.xcassets; sourceTree = "<group>"; };
		FA7F015829B84BD500014292 /* Base */ = {isa = PBXFileReference; lastKnownFileType = file.storyboard; name = Base; path = Base.lproj/LaunchScreen.storyboard; sourceTree = "<group>"; };
		FA7F015A29B84BD500014292 /* Info.plist */ = {isa = PBXFileReference; lastKnownFileType = text.plist.xml; path = Info.plist; sourceTree = "<group>"; };
/* End PBXFileReference section */

/* Begin PBXFrameworksBuildPhase section */
		FA7F014329B84BD400014292 /* Frameworks */ = {
			isa = PBXFrameworksBuildPhase;
			buildActionMask = 2147483647;
			files = (
				FA7F016229B84C1800014292 /* SnapKit in Frameworks */,
				FA36C5BB29B88E8200064503 /* Alamofire in Frameworks */,
			);
			runOnlyForDeploymentPostprocessing = 0;
		};
/* End PBXFrameworksBuildPhase section */

/* Begin PBXGroup section */
		FA36C5B629B88E0F00064503 /* DataManager */ = {
			isa = PBXGroup;
			children = (
				FA36C5B729B88E2C00064503 /* NetworkDataManager.swift */,
				FA36C5C429B8A06300064503 /* FuncForAPI.swift */,
			);
			path = DataManager;
			sourceTree = "<group>";
		};
		FA36C5BC29B88EA500064503 /* Services */ = {
			isa = PBXGroup;
			children = (
				FA7F015529B84BD500014292 /* Assets.xcassets */,
				FA7F015729B84BD500014292 /* LaunchScreen.storyboard */,
				FA7F014929B84BD400014292 /* AppDelegate.swift */,
				FA7F014B29B84BD400014292 /* SceneDelegate.swift */,
				FA7F015229B84BD400014292 /* APIproject.xcdatamodeld */,
			);
			path = Services;
			sourceTree = "<group>";
		};
		FA36C5BD29B8904A00064503 /* View */ = {
			isa = PBXGroup;
			children = (
				FA36C5B029B8518000064503 /* TableViewCell.swift */,
				FA7F014D29B84BD400014292 /* ViewController.swift */,
				FA36C5BE29B890DD00064503 /* ExtViewController.swift */,
			);
			path = View;
			sourceTree = "<group>";
		};
		FA7F013D29B84BD400014292 = {
			isa = PBXGroup;
			children = (
				FA7F014829B84BD400014292 /* APIproject */,
				FA7F014729B84BD400014292 /* Products */,
			);
			sourceTree = "<group>";
		};
		FA7F014729B84BD400014292 /* Products */ = {
			isa = PBXGroup;
			children = (
				FA7F014629B84BD400014292 /* APIproject.app */,
			);
			name = Products;
			sourceTree = "<group>";
		};
		FA7F014829B84BD400014292 /* APIproject */ = {
			isa = PBXGroup;
			children = (
				FA36C5BC29B88EA500064503 /* Services */,
				FA36C5B629B88E0F00064503 /* DataManager */,
				FA7F016329B84E3600014292 /* DataDisplay */,
				FA7F015A29B84BD500014292 /* Info.plist */,
			);
			path = APIproject;
			sourceTree = "<group>";
		};
		FA7F016329B84E3600014292 /* DataDisplay */ = {
			isa = PBXGroup;
			children = (
				FA36C5BD29B8904A00064503 /* View */,
				FA36C5B429B88BB500064503 /* Presenter.swift */,
				FA36C5C029B8958200064503 /* Interactor.swift */,
				FA36C5B229B887E600064503 /* Entity.swift */,
				FA36C5C229B8981000064503 /* Configurator.swift */,
			);
			path = DataDisplay;
			sourceTree = "<group>";
		};
/* End PBXGroup section */

/* Begin PBXNativeTarget section */
		FA7F014529B84BD400014292 /* APIproject */ = {
			isa = PBXNativeTarget;
			buildConfigurationList = FA7F015D29B84BD500014292 /* Build configuration list for PBXNativeTarget "APIproject" */;
			buildPhases = (
				FA7F014229B84BD400014292 /* Sources */,
				FA7F014329B84BD400014292 /* Frameworks */,
				FA7F014429B84BD400014292 /* Resources */,
			);
			buildRules = (
			);
			dependencies = (
			);
			name = APIproject;
			packageProductDependencies = (
				FA7F016129B84C1800014292 /* SnapKit */,
				FA36C5BA29B88E8200064503 /* Alamofire */,
			);
			productName = APIproject;
			productReference = FA7F014629B84BD400014292 /* APIproject.app */;
			productType = "com.apple.product-type.application";
		};
/* End PBXNativeTarget section */

/* Begin PBXProject section */
		FA7F013E29B84BD400014292 /* Project object */ = {
			isa = PBXProject;
			attributes = {
				BuildIndependentTargetsInParallel = 1;
				LastSwiftUpdateCheck = 1420;
				LastUpgradeCheck = 1420;
				TargetAttributes = {
					FA7F014529B84BD400014292 = {
						CreatedOnToolsVersion = 14.2;
					};
				};
			};
			buildConfigurationList = FA7F014129B84BD400014292 /* Build configuration list for PBXProject "APIproject" */;
			compatibilityVersion = "Xcode 14.0";
			developmentRegion = en;
			hasScannedForEncodings = 0;
			knownRegions = (
				en,
				Base,
			);
			mainGroup = FA7F013D29B84BD400014292;
			packageReferences = (
				FA7F016029B84C1700014292 /* XCRemoteSwiftPackageReference "SnapKit" */,
				FA36C5B929B88E8200064503 /* XCRemoteSwiftPackageReference "Alamofire" */,
			);
			productRefGroup = FA7F014729B84BD400014292 /* Products */;
			projectDirPath = "";
			projectRoot = "";
			targets = (
				FA7F014529B84BD400014292 /* APIproject */,
			);
		};
/* End PBXProject section */

/* Begin PBXResourcesBuildPhase section */
		FA7F014429B84BD400014292 /* Resources */ = {
			isa = PBXResourcesBuildPhase;
			buildActionMask = 2147483647;
			files = (
				FA7F015929B84BD500014292 /* LaunchScreen.storyboard in Resources */,
				FA7F015629B84BD500014292 /* Assets.xcassets in Resources */,
			);
			runOnlyForDeploymentPostprocessing = 0;
		};
/* End PBXResourcesBuildPhase section */

/* Begin PBXSourcesBuildPhase section */
		FA7F014229B84BD400014292 /* Sources */ = {
			isa = PBXSourcesBuildPhase;
			buildActionMask = 2147483647;
			files = (
				FA36C5C529B8A06300064503 /* FuncForAPI.swift in Sources */,
				FA36C5B129B8518000064503 /* TableViewCell.swift in Sources */,
				FA36C5B529B88BB500064503 /* Presenter.swift in Sources */,
				FA36C5C329B8981000064503 /* Configurator.swift in Sources */,
				FA36C5C129B8958200064503 /* Interactor.swift in Sources */,
				FA36C5B829B88E2C00064503 /* NetworkDataManager.swift in Sources */,
				FA7F015429B84BD400014292 /* APIproject.xcdatamodeld in Sources */,
				FA36C5B329B887E600064503 /* Entity.swift in Sources */,
				FA7F014E29B84BD400014292 /* ViewController.swift in Sources */,
				FA36C5BF29B890DD00064503 /* ExtViewController.swift in Sources */,
				FA7F014A29B84BD400014292 /* AppDelegate.swift in Sources */,
				FA7F014C29B84BD400014292 /* SceneDelegate.swift in Sources */,
			);
			runOnlyForDeploymentPostprocessing = 0;
		};
/* End PBXSourcesBuildPhase section */

/* Begin PBXVariantGroup section */
		FA7F015729B84BD500014292 /* LaunchScreen.storyboard */ = {
			isa = PBXVariantGroup;
			children = (
				FA7F015829B84BD500014292 /* Base */,
			);
			name = LaunchScreen.storyboard;
			sourceTree = "<group>";
		};
/* End PBXVariantGroup section */

/* Begin XCBuildConfiguration section */
		FA7F015B29B84BD500014292 /* Debug */ = {
			isa = XCBuildConfiguration;
			buildSettings = {
				ALWAYS_SEARCH_USER_PATHS = NO;
				CLANG_ANALYZER_NONNULL = YES;
				CLANG_ANALYZER_NUMBER_OBJECT_CONVERSION = YES_AGGRESSIVE;
				CLANG_CXX_LANGUAGE_STANDARD = "gnu++20";
				CLANG_ENABLE_MODULES = YES;
				CLANG_ENABLE_OBJC_ARC = YES;
				CLANG_ENABLE_OBJC_WEAK = YES;
				CLANG_WARN_BLOCK_CAPTURE_AUTORELEASING = YES;
				CLANG_WARN_BOOL_CONVERSION = YES;
				CLANG_WARN_COMMA = YES;
				CLANG_WARN_CONSTANT_CONVERSION = YES;
				CLANG_WARN_DEPRECATED_OBJC_IMPLEMENTATIONS = YES;
				CLANG_WARN_DIRECT_OBJC_ISA_USAGE = YES_ERROR;
				CLANG_WARN_DOCUMENTATION_COMMENTS = YES;
				CLANG_WARN_EMPTY_BODY = YES;
				CLANG_WARN_ENUM_CONVERSION = YES;
				CLANG_WARN_INFINITE_RECURSION = YES;
				CLANG_WARN_INT_CONVERSION = YES;
				CLANG_WARN_NON_LITERAL_NULL_CONVERSION = YES;
				CLANG_WARN_OBJC_IMPLICIT_RETAIN_SELF = YES;
				CLANG_WARN_OBJC_LITERAL_CONVERSION = YES;
				CLANG_WARN_OBJC_ROOT_CLASS = YES_ERROR;
				CLANG_WARN_QUOTED_INCLUDE_IN_FRAMEWORK_HEADER = YES;
				CLANG_WARN_RANGE_LOOP_ANALYSIS = YES;
				CLANG_WARN_STRICT_PROTOTYPES = YES;
				CLANG_WARN_SUSPICIOUS_MOVE = YES;
				CLANG_WARN_UNGUARDED_AVAILABILITY = YES_AGGRESSIVE;
				CLANG_WARN_UNREACHABLE_CODE = YES;
				CLANG_WARN__DUPLICATE_METHOD_MATCH = YES;
				COPY_PHASE_STRIP = NO;
				DEBUG_INFORMATION_FORMAT = dwarf;
				ENABLE_STRICT_OBJC_MSGSEND = YES;
				ENABLE_TESTABILITY = YES;
				GCC_C_LANGUAGE_STANDARD = gnu11;
				GCC_DYNAMIC_NO_PIC = NO;
				GCC_NO_COMMON_BLOCKS = YES;
				GCC_OPTIMIZATION_LEVEL = 0;
				GCC_PREPROCESSOR_DEFINITIONS = (
					"DEBUG=1",
					"$(inherited)",
				);
				GCC_WARN_64_TO_32_BIT_CONVERSION = YES;
				GCC_WARN_ABOUT_RETURN_TYPE = YES_ERROR;
				GCC_WARN_UNDECLARED_SELECTOR = YES;
				GCC_WARN_UNINITIALIZED_AUTOS = YES_AGGRESSIVE;
				GCC_WARN_UNUSED_FUNCTION = YES;
				GCC_WARN_UNUSED_VARIABLE = YES;
				IPHONEOS_DEPLOYMENT_TARGET = 16.2;
				MTL_ENABLE_DEBUG_INFO = INCLUDE_SOURCE;
				MTL_FAST_MATH = YES;
				ONLY_ACTIVE_ARCH = YES;
				SDKROOT = iphoneos;
				SWIFT_ACTIVE_COMPILATION_CONDITIONS = DEBUG;
				SWIFT_OPTIMIZATION_LEVEL = "-Onone";
			};
			name = Debug;
		};
		FA7F015C29B84BD500014292 /* Release */ = {
			isa = XCBuildConfiguration;
			buildSettings = {
				ALWAYS_SEARCH_USER_PATHS = NO;
				CLANG_ANALYZER_NONNULL = YES;
				CLANG_ANALYZER_NUMBER_OBJECT_CONVERSION = YES_AGGRESSIVE;
				CLANG_CXX_LANGUAGE_STANDARD = "gnu++20";
				CLANG_ENABLE_MODULES = YES;
				CLANG_ENABLE_OBJC_ARC = YES;
				CLANG_ENABLE_OBJC_WEAK = YES;
				CLANG_WARN_BLOCK_CAPTURE_AUTORELEASING = YES;
				CLANG_WARN_BOOL_CONVERSION = YES;
				CLANG_WARN_COMMA = YES;
				CLANG_WARN_CONSTANT_CONVERSION = YES;
				CLANG_WARN_DEPRECATED_OBJC_IMPLEMENTATIONS = YES;
				CLANG_WARN_DIRECT_OBJC_ISA_USAGE = YES_ERROR;
				CLANG_WARN_DOCUMENTATION_COMMENTS = YES;
				CLANG_WARN_EMPTY_BODY = YES;
				CLANG_WARN_ENUM_CONVERSION = YES;
				CLANG_WARN_INFINITE_RECURSION = YES;
				CLANG_WARN_INT_CONVERSION = YES;
				CLANG_WARN_NON_LITERAL_NULL_CONVERSION = YES;
				CLANG_WARN_OBJC_IMPLICIT_RETAIN_SELF = YES;
				CLANG_WARN_OBJC_LITERAL_CONVERSION = YES;
				CLANG_WARN_OBJC_ROOT_CLASS = YES_ERROR;
				CLANG_WARN_QUOTED_INCLUDE_IN_FRAMEWORK_HEADER = YES;
				CLANG_WARN_RANGE_LOOP_ANALYSIS = YES;
				CLANG_WARN_STRICT_PROTOTYPES = YES;
				CLANG_WARN_SUSPICIOUS_MOVE = YES;
				CLANG_WARN_UNGUARDED_AVAILABILITY = YES_AGGRESSIVE;
				CLANG_WARN_UNREACHABLE_CODE = YES;
				CLANG_WARN__DUPLICATE_METHOD_MATCH = YES;
				COPY_PHASE_STRIP = NO;
				DEBUG_INFORMATION_FORMAT = "dwarf-with-dsym";
				ENABLE_NS_ASSERTIONS = NO;
				ENABLE_STRICT_OBJC_MSGSEND = YES;
				GCC_C_LANGUAGE_STANDARD = gnu11;
				GCC_NO_COMMON_BLOCKS = YES;
				GCC_WARN_64_TO_32_BIT_CONVERSION = YES;
				GCC_WARN_ABOUT_RETURN_TYPE = YES_ERROR;
				GCC_WARN_UNDECLARED_SELECTOR = YES;
				GCC_WARN_UNINITIALIZED_AUTOS = YES_AGGRESSIVE;
				GCC_WARN_UNUSED_FUNCTION = YES;
				GCC_WARN_UNUSED_VARIABLE = YES;
				IPHONEOS_DEPLOYMENT_TARGET = 16.2;
				MTL_ENABLE_DEBUG_INFO = NO;
				MTL_FAST_MATH = YES;
				SDKROOT = iphoneos;
				SWIFT_COMPILATION_MODE = wholemodule;
				SWIFT_OPTIMIZATION_LEVEL = "-O";
				VALIDATE_PRODUCT = YES;
			};
			name = Release;
		};
		FA7F015E29B84BD500014292 /* Debug */ = {
			isa = XCBuildConfiguration;
			buildSettings = {
				ASSETCATALOG_COMPILER_APPICON_NAME = AppIcon;
				ASSETCATALOG_COMPILER_GLOBAL_ACCENT_COLOR_NAME = AccentColor;
				CODE_SIGN_STYLE = Automatic;
				CURRENT_PROJECT_VERSION = 1;
				DEVELOPMENT_TEAM = P6L838D4AA;
				GENERATE_INFOPLIST_FILE = YES;
				INFOPLIST_FILE = APIproject/Info.plist;
				INFOPLIST_KEY_UIApplicationSupportsIndirectInputEvents = YES;
				INFOPLIST_KEY_UILaunchStoryboardName = LaunchScreen;
				INFOPLIST_KEY_UISupportedInterfaceOrientations_iPad = "UIInterfaceOrientationPortrait UIInterfaceOrientationPortraitUpsideDown UIInterfaceOrientationLandscapeLeft UIInterfaceOrientationLandscapeRight";
				INFOPLIST_KEY_UISupportedInterfaceOrientations_iPhone = "UIInterfaceOrientationPortrait UIInterfaceOrientationLandscapeLeft UIInterfaceOrientationLandscapeRight";
				LD_RUNPATH_SEARCH_PATHS = (
					"$(inherited)",
					"@executable_path/Frameworks",
				);
				MARKETING_VERSION = 1.0;
				PRODUCT_BUNDLE_IDENTIFIER = oldra.APIproject;
				PRODUCT_NAME = "$(TARGET_NAME)";
				SWIFT_EMIT_LOC_STRINGS = YES;
				SWIFT_VERSION = 5.0;
				TARGETED_DEVICE_FAMILY = "1,2";
			};
			name = Debug;
		};
		FA7F015F29B84BD500014292 /* Release */ = {
			isa = XCBuildConfiguration;
			buildSettings = {
				ASSETCATALOG_COMPILER_APPICON_NAME = AppIcon;
				ASSETCATALOG_COMPILER_GLOBAL_ACCENT_COLOR_NAME = AccentColor;
				CODE_SIGN_STYLE = Automatic;
				CURRENT_PROJECT_VERSION = 1;
				DEVELOPMENT_TEAM = P6L838D4AA;
				GENERATE_INFOPLIST_FILE = YES;
				INFOPLIST_FILE = APIproject/Info.plist;
				INFOPLIST_KEY_UIApplicationSupportsIndirectInputEvents = YES;
				INFOPLIST_KEY_UILaunchStoryboardName = LaunchScreen;
				INFOPLIST_KEY_UISupportedInterfaceOrientations_iPad = "UIInterfaceOrientationPortrait UIInterfaceOrientationPortraitUpsideDown UIInterfaceOrientationLandscapeLeft UIInterfaceOrientationLandscapeRight";
				INFOPLIST_KEY_UISupportedInterfaceOrientations_iPhone = "UIInterfaceOrientationPortrait UIInterfaceOrientationLandscapeLeft UIInterfaceOrientationLandscapeRight";
				LD_RUNPATH_SEARCH_PATHS = (
					"$(inherited)",
					"@executable_path/Frameworks",
				);
				MARKETING_VERSION = 1.0;
				PRODUCT_BUNDLE_IDENTIFIER = oldra.APIproject;
				PRODUCT_NAME = "$(TARGET_NAME)";
				SWIFT_EMIT_LOC_STRINGS = YES;
				SWIFT_VERSION = 5.0;
				TARGETED_DEVICE_FAMILY = "1,2";
			};
			name = Release;
		};
/* End XCBuildConfiguration section */

/* Begin XCConfigurationList section */
		FA7F014129B84BD400014292 /* Build configuration list for PBXProject "APIproject" */ = {
			isa = XCConfigurationList;
			buildConfigurations = (
				FA7F015B29B84BD500014292 /* Debug */,
				FA7F015C29B84BD500014292 /* Release */,
			);
			defaultConfigurationIsVisible = 0;
			defaultConfigurationName = Release;
		};
		FA7F015D29B84BD500014292 /* Build configuration list for PBXNativeTarget "APIproject" */ = {
			isa = XCConfigurationList;
			buildConfigurations = (
				FA7F015E29B84BD500014292 /* Debug */,
				FA7F015F29B84BD500014292 /* Release */,
			);
			defaultConfigurationIsVisible = 0;
			defaultConfigurationName = Release;
		};
/* End XCConfigurationList section */

/* Begin XCRemoteSwiftPackageReference section */
		FA36C5B929B88E8200064503 /* XCRemoteSwiftPackageReference "Alamofire" */ = {
			isa = XCRemoteSwiftPackageReference;
			repositoryURL = "https://github.com/Alamofire/Alamofire.git";
			requirement = {
				kind = upToNextMajorVersion;
				minimumVersion = 5.0.0;
			};
		};
		FA7F016029B84C1700014292 /* XCRemoteSwiftPackageReference "SnapKit" */ = {
			isa = XCRemoteSwiftPackageReference;
			repositoryURL = "https://github.com/SnapKit/SnapKit";
			requirement = {
				branch = develop;
				kind = branch;
			};
		};
/* End XCRemoteSwiftPackageReference section */

/* Begin XCSwiftPackageProductDependency section */
		FA36C5BA29B88E8200064503 /* Alamofire */ = {
			isa = XCSwiftPackageProductDependency;
			package = FA36C5B929B88E8200064503 /* XCRemoteSwiftPackageReference "Alamofire" */;
			productName = Alamofire;
		};
		FA7F016129B84C1800014292 /* SnapKit */ = {
			isa = XCSwiftPackageProductDependency;
			package = FA7F016029B84C1700014292 /* XCRemoteSwiftPackageReference "SnapKit" */;
			productName = SnapKit;
		};
/* End XCSwiftPackageProductDependency section */

/* Begin XCVersionGroup section */
		FA7F015229B84BD400014292 /* APIproject.xcdatamodeld */ = {
			isa = XCVersionGroup;
			children = (
				FA7F015329B84BD400014292 /* APIproject.xcdatamodel */,
			);
			currentVersion = FA7F015329B84BD400014292 /* APIproject.xcdatamodel */;
			path = APIproject.xcdatamodeld;
			sourceTree = "<group>";
			versionGroupType = wrapper.xcdatamodel;
		};
/* End XCVersionGroup section */
	};
	rootObject = FA7F013E29B84BD400014292 /* Project object */;
}
